
Microsoft Visual Studio Solution File, Format Version 12.00
# Visual Studio Version 16
VisualStudioVersion = 16.0.30011.22
MinimumVisualStudioVersion = 10.0.40219.1
Project("{FAE04EC0-301F-11D3-BF4B-00C04F79EFBC}") = "backpack", "lab_work_task_1\backpack.csproj", "{46434279-5C79-45EB-9AA3-EAC098F788B7}"
EndProject
Global
	GlobalSection(SolutionConfigurationPlatforms) = preSolution
		Debug|Any CPU = Debug|Any CPU
		Release|Any CPU = Release|Any CPU
	EndGlobalSection
	GlobalSection(ProjectConfigurationPlatforms) = postSolution
		{46434279-5C79-45EB-9AA3-EAC098F788B7}.Debug|Any CPU.ActiveCfg = Debug|Any CPU
		{46434279-5C79-45EB-9AA3-EAC098F788B7}.Debug|Any CPU.Build.0 = Debug|Any CPU
		{46434279-5C79-45EB-9AA3-EAC098F788B7}.Release|Any CPU.ActiveCfg = Release|Any CPU
		{46434279-5C79-45EB-9AA3-EAC098F788B7}.Release|Any CPU.Build.0 = Release|Any CPU
	EndGlobalSection
	GlobalSection(SolutionProperties) = preSolution
		HideSolutionNode = FALSE
	EndGlobalSection
	GlobalSection(ExtensibilityGlobals) = postSolution
		SolutionGuid = {160DED97-CC08-47B7-814E-B53D690A0696}
	EndGlobalSection
EndGlobal
