
Microsoft Visual Studio Solution File, Format Version 12.00
# Visual Studio Version 16
VisualStudioVersion = 16.0.29905.134
MinimumVisualStudioVersion = 10.0.40219.1
Project("{FAE04EC0-301F-11D3-BF4B-00C04F79EFBC}") = "lab_work_task_3", "lab_work_task_3.csproj", "{BCCEC811-A166-4FB6-9EB1-7DCD40DB0C42}"
EndProject
Global
	GlobalSection(SolutionConfigurationPlatforms) = preSolution
		Debug|Any CPU = Debug|Any CPU
		Release|Any CPU = Release|Any CPU
	EndGlobalSection
	GlobalSection(ProjectConfigurationPlatforms) = postSolution
		{BCCEC811-A166-4FB6-9EB1-7DCD40DB0C42}.Debug|Any CPU.ActiveCfg = Debug|Any CPU
		{BCCEC811-A166-4FB6-9EB1-7DCD40DB0C42}.Debug|Any CPU.Build.0 = Debug|Any CPU
		{BCCEC811-A166-4FB6-9EB1-7DCD40DB0C42}.Release|Any CPU.ActiveCfg = Release|Any CPU
		{BCCEC811-A166-4FB6-9EB1-7DCD40DB0C42}.Release|Any CPU.Build.0 = Release|Any CPU
	EndGlobalSection
	GlobalSection(SolutionProperties) = preSolution
		HideSolutionNode = FALSE
	EndGlobalSection
	GlobalSection(ExtensibilityGlobals) = postSolution
		SolutionGuid = {1FA58AB4-B41F-458A-87A6-784487910183}
	EndGlobalSection
EndGlobal
